version: 1.0
shards:
  bisect:
    github: spider-gazelle/bisect
    version: 1.2.0

  cron_parser:
    github: kostya/cron_parser
    version: 0.3.0

  etcd:
    github: aca-labs/crystal-etcd
    commit: b95bc066057cf1284f48f9980f8707c6c3d43e6b

  habitat:
    github: luckyframework/habitat
    version: 0.4.3

  hound-dog:
    github: aca-labs/hound-dog
    commit: 9c811ef491b6efb958b7a70069c70c070f86a81c

  murmur3:
    github: aca-labs/murmur3
    commit: 7cbe25c0ca8d052c9d98c377c824dcb0e038c790

  pool:
    github: ysbaddaden/pool
    version: 0.2.3

  redis:
    github: stefanwille/crystal-redis
    version: 2.5.3

  rendezvous-hash:
    github: caspiano/rendezvous-hash
    version: 0.2.2

  tasker:
    github: spider-gazelle/tasker
    version: 1.2.2

  tokenizer:
    github: spider-gazelle/tokenizer
    version: 1.1.0

