version: 1.0
shards:
  ameba:
    github: crystal-ameba/ameba
    version: 0.11.0

  bisect:
    github: spider-gazelle/bisect
    version: 1.2.0

  cron_parser:
    github: kostya/cron_parser
    version: 0.3.0

  etcd:
    github: aca-labs/crystal-etcd
    version: 0.3.1

  habitat:
    github: luckyframework/habitat
    version: 0.4.3

  hound-dog:
    github: aca-labs/hound-dog
    version: 2.0.2

  murmur3:
    github: aca-labs/murmur3
    commit: 7cbe25c0ca8d052c9d98c377c824dcb0e038c790

  pool:
    github: ysbaddaden/pool
    version: 0.2.3

  redis:
    github: stefanwille/crystal-redis
    version: 2.5.3

  rendezvous-hash:
    github: caspiano/rendezvous-hash
    version: 0.3.1

  retriable:
    github: sija/retriable.cr
    version: 0.2.0

  tasker:
    github: spider-gazelle/tasker
    version: 1.2.2

  tokenizer:
    github: spider-gazelle/tokenizer
    version: 1.1.0

  ulid:
    github: aca-labs/ulid
    version: 0.1.2

