version: 1.0
shards:
  action-controller:
    github: spider-gazelle/action-controller
    version: 2.3.4

  ameba:
    github: crystal-ameba/ameba
    version: 0.11.0

  bisect:
    github: spider-gazelle/bisect
    version: 1.2.0

  cron_parser:
    github: kostya/cron_parser
    version: 0.3.0

  delimiter_tree:
    github: drujensen/delimiter_tree
    version: 0.1.4

  etcd:
    github: aca-labs/crystal-etcd
    version: 0.3.0

  habitat:
    github: luckyframework/habitat
    version: 0.4.3

  hound-dog:
    github: aca-labs/hound-dog
    commit: d03b830eef527b44d5f03cdbae4534fb0d3d8f06

  kilt:
    github: jeromegn/kilt
    version: 0.6.0

  murmur3:
    github: aca-labs/murmur3
    commit: 7cbe25c0ca8d052c9d98c377c824dcb0e038c790

  pool:
    github: ysbaddaden/pool
    version: 0.2.3

  redis:
    github: stefanwille/crystal-redis
    version: 2.5.3

  rendezvous-hash:
    github: caspiano/rendezvous-hash
    version: 0.3.1

  tasker:
    github: spider-gazelle/tasker
    version: 1.2.2

  tokenizer:
    github: spider-gazelle/tokenizer
    version: 1.1.0

  ulid:
    github: aca-labs/ulid
    version: 0.1.2

